
Microsoft Visual Studio Solution File, Format Version 12.00
# Visual Studio 14
VisualStudioVersion = 14.0.25123.0
MinimumVisualStudioVersion = 10.0.40219.1
Project("{FAE04EC0-301F-11D3-BF4B-00C04F79EFBC}") = "Logging.EventHub", "Logging.EventHub\Logging.EventHub.csproj", "{121FAB3C-3AD7-4858-AC15-2DD75F563D7C}"
EndProject
Project("{FAE04EC0-301F-11D3-BF4B-00C04F79EFBC}") = "Logging.Demo", "Logging.Demo\Logging.Demo.csproj", "{7FE132CE-5498-4228-8A0F-8525E5AA741B}"
EndProject
Global
	GlobalSection(SolutionConfigurationPlatforms) = preSolution
		Debug|Any CPU = Debug|Any CPU
		Release|Any CPU = Release|Any CPU
	EndGlobalSection
	GlobalSection(ProjectConfigurationPlatforms) = postSolution
		{121FAB3C-3AD7-4858-AC15-2DD75F563D7C}.Debug|Any CPU.ActiveCfg = Debug|Any CPU
		{121FAB3C-3AD7-4858-AC15-2DD75F563D7C}.Debug|Any CPU.Build.0 = Debug|Any CPU
		{121FAB3C-3AD7-4858-AC15-2DD75F563D7C}.Release|Any CPU.ActiveCfg = Release|Any CPU
		{121FAB3C-3AD7-4858-AC15-2DD75F563D7C}.Release|Any CPU.Build.0 = Release|Any CPU
		{7FE132CE-5498-4228-8A0F-8525E5AA741B}.Debug|Any CPU.ActiveCfg = Debug|Any CPU
		{7FE132CE-5498-4228-8A0F-8525E5AA741B}.Debug|Any CPU.Build.0 = Debug|Any CPU
		{7FE132CE-5498-4228-8A0F-8525E5AA741B}.Release|Any CPU.ActiveCfg = Release|Any CPU
		{7FE132CE-5498-4228-8A0F-8525E5AA741B}.Release|Any CPU.Build.0 = Release|Any CPU
	EndGlobalSection
	GlobalSection(SolutionProperties) = preSolution
		HideSolutionNode = FALSE
	EndGlobalSection
	GlobalSection(ExtensibilityGlobals) = postSolution
		EnterpriseLibraryConfigurationToolBinariesPathV6 = packages\EnterpriseLibrary.Common.6.0.1304.0\lib\NET45;packages\EnterpriseLibrary.Logging.6.0.1304.0\lib\NET45
	EndGlobalSection
EndGlobal
